
Microsoft Visual Studio Solution File, Format Version 12.00
# Visual Studio Version 17
Project("{8BC9CEB8-8B4A-11D0-8D11-00A0C91BC942}") = "ALL_BUILD", "ALL_BUILD.vcxproj", "{ABB5D284-65FC-36D6-9090-C96F4A6C20BF}"
	ProjectSection(ProjectDependencies) = postProject
		{001BACE4-9A54-38D8-8FFA-843B7D013EF4} = {001BACE4-9A54-38D8-8FFA-843B7D013EF4}
		{D7A0DCE3-BA1A-3BF6-AE18-94E4B74942DE} = {D7A0DCE3-BA1A-3BF6-AE18-94E4B74942DE}
		{80C23353-9A77-38FC-8D90-48B08A69047C} = {80C23353-9A77-38FC-8D90-48B08A69047C}
		{0E65FFB8-CC16-33FC-85F9-02B4C17A5B3A} = {0E65FFB8-CC16-33FC-85F9-02B4C17A5B3A}
		{E3356FBD-13CD-32AA-826D-6BE2DCA10AE9} = {E3356FBD-13CD-32AA-826D-6BE2DCA10AE9}
	EndProjectSection
EndProject
Project("{8BC9CEB8-8B4A-11D0-8D11-00A0C91BC942}") = "ZERO_CHECK", "ZERO_CHECK.vcxproj", "{001BACE4-9A54-38D8-8FFA-843B7D013EF4}"
	ProjectSection(ProjectDependencies) = postProject
	EndProjectSection
EndProject
Project("{8BC9CEB8-8B4A-11D0-8D11-00A0C91BC942}") = "libprotobuf", "libprotobuf.vcxproj", "{D7A0DCE3-BA1A-3BF6-AE18-94E4B74942DE}"
	ProjectSection(ProjectDependencies) = postProject
		{001BACE4-9A54-38D8-8FFA-843B7D013EF4} = {001BACE4-9A54-38D8-8FFA-843B7D013EF4}
	EndProjectSection
EndProject
Project("{8BC9CEB8-8B4A-11D0-8D11-00A0C91BC942}") = "libprotobuf-lite", "libprotobuf-lite.vcxproj", "{80C23353-9A77-38FC-8D90-48B08A69047C}"
	ProjectSection(ProjectDependencies) = postProject
		{001BACE4-9A54-38D8-8FFA-843B7D013EF4} = {001BACE4-9A54-38D8-8FFA-843B7D013EF4}
	EndProjectSection
EndProject
Project("{8BC9CEB8-8B4A-11D0-8D11-00A0C91BC942}") = "libprotoc", "libprotoc.vcxproj", "{0E65FFB8-CC16-33FC-85F9-02B4C17A5B3A}"
	ProjectSection(ProjectDependencies) = postProject
		{001BACE4-9A54-38D8-8FFA-843B7D013EF4} = {001BACE4-9A54-38D8-8FFA-843B7D013EF4}
		{D7A0DCE3-BA1A-3BF6-AE18-94E4B74942DE} = {D7A0DCE3-BA1A-3BF6-AE18-94E4B74942DE}
	EndProjectSection
EndProject
Project("{8BC9CEB8-8B4A-11D0-8D11-00A0C91BC942}") = "protoc", "protoc.vcxproj", "{E3356FBD-13CD-32AA-826D-6BE2DCA10AE9}"
	ProjectSection(ProjectDependencies) = postProject
		{001BACE4-9A54-38D8-8FFA-843B7D013EF4} = {001BACE4-9A54-38D8-8FFA-843B7D013EF4}
		{D7A0DCE3-BA1A-3BF6-AE18-94E4B74942DE} = {D7A0DCE3-BA1A-3BF6-AE18-94E4B74942DE}
		{0E65FFB8-CC16-33FC-85F9-02B4C17A5B3A} = {0E65FFB8-CC16-33FC-85F9-02B4C17A5B3A}
	EndProjectSection
EndProject
Global
	GlobalSection(SolutionConfigurationPlatforms) = preSolution
		Debug|x64 = Debug|x64
		Release|x64 = Release|x64
		MinSizeRel|x64 = MinSizeRel|x64
		RelWithDebInfo|x64 = RelWithDebInfo|x64
	EndGlobalSection
	GlobalSection(ProjectConfigurationPlatforms) = postSolution
		{ABB5D284-65FC-36D6-9090-C96F4A6C20BF}.Debug|x64.ActiveCfg = Debug|x64
		{ABB5D284-65FC-36D6-9090-C96F4A6C20BF}.Release|x64.ActiveCfg = Release|x64
		{ABB5D284-65FC-36D6-9090-C96F4A6C20BF}.MinSizeRel|x64.ActiveCfg = MinSizeRel|x64
		{ABB5D284-65FC-36D6-9090-C96F4A6C20BF}.RelWithDebInfo|x64.ActiveCfg = RelWithDebInfo|x64
		{001BACE4-9A54-38D8-8FFA-843B7D013EF4}.Debug|x64.ActiveCfg = Debug|x64
		{001BACE4-9A54-38D8-8FFA-843B7D013EF4}.Debug|x64.Build.0 = Debug|x64
		{001BACE4-9A54-38D8-8FFA-843B7D013EF4}.Release|x64.ActiveCfg = Release|x64
		{001BACE4-9A54-38D8-8FFA-843B7D013EF4}.Release|x64.Build.0 = Release|x64
		{001BACE4-9A54-38D8-8FFA-843B7D013EF4}.MinSizeRel|x64.ActiveCfg = MinSizeRel|x64
		{001BACE4-9A54-38D8-8FFA-843B7D013EF4}.MinSizeRel|x64.Build.0 = MinSizeRel|x64
		{001BACE4-9A54-38D8-8FFA-843B7D013EF4}.RelWithDebInfo|x64.ActiveCfg = RelWithDebInfo|x64
		{001BACE4-9A54-38D8-8FFA-843B7D013EF4}.RelWithDebInfo|x64.Build.0 = RelWithDebInfo|x64
		{D7A0DCE3-BA1A-3BF6-AE18-94E4B74942DE}.Debug|x64.ActiveCfg = Debug|x64
		{D7A0DCE3-BA1A-3BF6-AE18-94E4B74942DE}.Debug|x64.Build.0 = Debug|x64
		{D7A0DCE3-BA1A-3BF6-AE18-94E4B74942DE}.Release|x64.ActiveCfg = Release|x64
		{D7A0DCE3-BA1A-3BF6-AE18-94E4B74942DE}.Release|x64.Build.0 = Release|x64
		{D7A0DCE3-BA1A-3BF6-AE18-94E4B74942DE}.MinSizeRel|x64.ActiveCfg = MinSizeRel|x64
		{D7A0DCE3-BA1A-3BF6-AE18-94E4B74942DE}.MinSizeRel|x64.Build.0 = MinSizeRel|x64
		{D7A0DCE3-BA1A-3BF6-AE18-94E4B74942DE}.RelWithDebInfo|x64.ActiveCfg = RelWithDebInfo|x64
		{D7A0DCE3-BA1A-3BF6-AE18-94E4B74942DE}.RelWithDebInfo|x64.Build.0 = RelWithDebInfo|x64
		{80C23353-9A77-38FC-8D90-48B08A69047C}.Debug|x64.ActiveCfg = Debug|x64
		{80C23353-9A77-38FC-8D90-48B08A69047C}.Debug|x64.Build.0 = Debug|x64
		{80C23353-9A77-38FC-8D90-48B08A69047C}.Release|x64.ActiveCfg = Release|x64
		{80C23353-9A77-38FC-8D90-48B08A69047C}.Release|x64.Build.0 = Release|x64
		{80C23353-9A77-38FC-8D90-48B08A69047C}.MinSizeRel|x64.ActiveCfg = MinSizeRel|x64
		{80C23353-9A77-38FC-8D90-48B08A69047C}.MinSizeRel|x64.Build.0 = MinSizeRel|x64
		{80C23353-9A77-38FC-8D90-48B08A69047C}.RelWithDebInfo|x64.ActiveCfg = RelWithDebInfo|x64
		{80C23353-9A77-38FC-8D90-48B08A69047C}.RelWithDebInfo|x64.Build.0 = RelWithDebInfo|x64
		{0E65FFB8-CC16-33FC-85F9-02B4C17A5B3A}.Debug|x64.ActiveCfg = Debug|x64
		{0E65FFB8-CC16-33FC-85F9-02B4C17A5B3A}.Debug|x64.Build.0 = Debug|x64
		{0E65FFB8-CC16-33FC-85F9-02B4C17A5B3A}.Release|x64.ActiveCfg = Release|x64
		{0E65FFB8-CC16-33FC-85F9-02B4C17A5B3A}.Release|x64.Build.0 = Release|x64
		{0E65FFB8-CC16-33FC-85F9-02B4C17A5B3A}.MinSizeRel|x64.ActiveCfg = MinSizeRel|x64
		{0E65FFB8-CC16-33FC-85F9-02B4C17A5B3A}.MinSizeRel|x64.Build.0 = MinSizeRel|x64
		{0E65FFB8-CC16-33FC-85F9-02B4C17A5B3A}.RelWithDebInfo|x64.ActiveCfg = RelWithDebInfo|x64
		{0E65FFB8-CC16-33FC-85F9-02B4C17A5B3A}.RelWithDebInfo|x64.Build.0 = RelWithDebInfo|x64
		{E3356FBD-13CD-32AA-826D-6BE2DCA10AE9}.Debug|x64.ActiveCfg = Debug|x64
		{E3356FBD-13CD-32AA-826D-6BE2DCA10AE9}.Debug|x64.Build.0 = Debug|x64
		{E3356FBD-13CD-32AA-826D-6BE2DCA10AE9}.Release|x64.ActiveCfg = Release|x64
		{E3356FBD-13CD-32AA-826D-6BE2DCA10AE9}.Release|x64.Build.0 = Release|x64
		{E3356FBD-13CD-32AA-826D-6BE2DCA10AE9}.MinSizeRel|x64.ActiveCfg = MinSizeRel|x64
		{E3356FBD-13CD-32AA-826D-6BE2DCA10AE9}.MinSizeRel|x64.Build.0 = MinSizeRel|x64
		{E3356FBD-13CD-32AA-826D-6BE2DCA10AE9}.RelWithDebInfo|x64.ActiveCfg = RelWithDebInfo|x64
		{E3356FBD-13CD-32AA-826D-6BE2DCA10AE9}.RelWithDebInfo|x64.Build.0 = RelWithDebInfo|x64
	EndGlobalSection
	GlobalSection(ExtensibilityGlobals) = postSolution
		SolutionGuid = {CAC712C2-3C51-31A4-A5A1-7B7F10DAED67}
	EndGlobalSection
	GlobalSection(ExtensibilityAddIns) = postSolution
	EndGlobalSection
EndGlobal
