<?xml version="1.0" encoding="utf-8"?>
<Project ToolsVersion="17.0" xmlns="http://schemas.microsoft.com/developer/msbuild/2003">
  <ItemGroup>
    <CustomBuild Include="E:\박성우\Server\protobuf-3.20.2\solution\CMakeFiles\529169e2b460318c581d3762cea16b52\generate.stamp.rule">
      <Filter>CMake Rules</Filter>
    </CustomBuild>
  </ItemGroup>
  <ItemGroup>
    <Filter Include="CMake Rules">
      <UniqueIdentifier>{11F81ADA-FB38-3D86-AE37-AB4F797B0605}</UniqueIdentifier>
    </Filter>
  </ItemGroup>
</Project>
