
Microsoft Visual Studio Solution File, Format Version 12.00
# Visual Studio Version 17
VisualStudioVersion = 17.10.35027.167
MinimumVisualStudioVersion = 10.0.40219.1
Project("{8BC9CEB8-8B4A-11D0-8D11-00A0C91BC942}") = "GameServer", "GameServer\GameServer.vcxproj", "{F19DE939-3A6A-448E-9E72-90AD0F138553}"
EndProject
Project("{8BC9CEB8-8B4A-11D0-8D11-00A0C91BC942}") = "Client", "Client\Client.vcxproj", "{1956E3C5-6BFF-483D-9AA1-397C12256236}"
EndProject
Project("{8BC9CEB8-8B4A-11D0-8D11-00A0C91BC942}") = "ServerCore", "ServerCore\ServerCore.vcxproj", "{F1288633-59FA-4421-806B-484E9E6E860E}"
EndProject
Project("{2150E333-8FDC-42A3-9474-1A3956D46DE8}") = "Tools", "Tools", "{60398D98-2514-41EF-8028-E38723499649}"
EndProject
Project("{888888A0-9F3D-457C-B088-3A5042F75D52}") = "PacketGenerator", "Tools\PacketGenerator\PacketGenerator.pyproj", "{DC8CEC59-1C66-40A5-A929-A95DA20E2DFA}"
EndProject
Global
	GlobalSection(SolutionConfigurationPlatforms) = preSolution
		Debug|Any CPU = Debug|Any CPU
		Debug|x64 = Debug|x64
		Debug|x86 = Debug|x86
		Release|Any CPU = Release|Any CPU
		Release|x64 = Release|x64
		Release|x86 = Release|x86
	EndGlobalSection
	GlobalSection(ProjectConfigurationPlatforms) = postSolution
		{F19DE939-3A6A-448E-9E72-90AD0F138553}.Debug|Any CPU.ActiveCfg = Debug|x64
		{F19DE939-3A6A-448E-9E72-90AD0F138553}.Debug|Any CPU.Build.0 = Debug|x64
		{F19DE939-3A6A-448E-9E72-90AD0F138553}.Debug|x64.ActiveCfg = Debug|x64
		{F19DE939-3A6A-448E-9E72-90AD0F138553}.Debug|x64.Build.0 = Debug|x64
		{F19DE939-3A6A-448E-9E72-90AD0F138553}.Debug|x86.ActiveCfg = Debug|Win32
		{F19DE939-3A6A-448E-9E72-90AD0F138553}.Debug|x86.Build.0 = Debug|Win32
		{F19DE939-3A6A-448E-9E72-90AD0F138553}.Release|Any CPU.ActiveCfg = Release|x64
		{F19DE939-3A6A-448E-9E72-90AD0F138553}.Release|Any CPU.Build.0 = Release|x64
		{F19DE939-3A6A-448E-9E72-90AD0F138553}.Release|x64.ActiveCfg = Release|x64
		{F19DE939-3A6A-448E-9E72-90AD0F138553}.Release|x64.Build.0 = Release|x64
		{F19DE939-3A6A-448E-9E72-90AD0F138553}.Release|x86.ActiveCfg = Release|Win32
		{F19DE939-3A6A-448E-9E72-90AD0F138553}.Release|x86.Build.0 = Release|Win32
		{1956E3C5-6BFF-483D-9AA1-397C12256236}.Debug|Any CPU.ActiveCfg = Debug|x64
		{1956E3C5-6BFF-483D-9AA1-397C12256236}.Debug|Any CPU.Build.0 = Debug|x64
		{1956E3C5-6BFF-483D-9AA1-397C12256236}.Debug|x64.ActiveCfg = Debug|x64
		{1956E3C5-6BFF-483D-9AA1-397C12256236}.Debug|x64.Build.0 = Debug|x64
		{1956E3C5-6BFF-483D-9AA1-397C12256236}.Debug|x86.ActiveCfg = Debug|Win32
		{1956E3C5-6BFF-483D-9AA1-397C12256236}.Debug|x86.Build.0 = Debug|Win32
		{1956E3C5-6BFF-483D-9AA1-397C12256236}.Release|Any CPU.ActiveCfg = Release|x64
		{1956E3C5-6BFF-483D-9AA1-397C12256236}.Release|Any CPU.Build.0 = Release|x64
		{1956E3C5-6BFF-483D-9AA1-397C12256236}.Release|x64.ActiveCfg = Release|x64
		{1956E3C5-6BFF-483D-9AA1-397C12256236}.Release|x64.Build.0 = Release|x64
		{1956E3C5-6BFF-483D-9AA1-397C12256236}.Release|x86.ActiveCfg = Release|Win32
		{1956E3C5-6BFF-483D-9AA1-397C12256236}.Release|x86.Build.0 = Release|Win32
		{F1288633-59FA-4421-806B-484E9E6E860E}.Debug|Any CPU.ActiveCfg = Debug|x64
		{F1288633-59FA-4421-806B-484E9E6E860E}.Debug|Any CPU.Build.0 = Debug|x64
		{F1288633-59FA-4421-806B-484E9E6E860E}.Debug|x64.ActiveCfg = Debug|x64
		{F1288633-59FA-4421-806B-484E9E6E860E}.Debug|x64.Build.0 = Debug|x64
		{F1288633-59FA-4421-806B-484E9E6E860E}.Debug|x86.ActiveCfg = Debug|Win32
		{F1288633-59FA-4421-806B-484E9E6E860E}.Debug|x86.Build.0 = Debug|Win32
		{F1288633-59FA-4421-806B-484E9E6E860E}.Release|Any CPU.ActiveCfg = Release|x64
		{F1288633-59FA-4421-806B-484E9E6E860E}.Release|Any CPU.Build.0 = Release|x64
		{F1288633-59FA-4421-806B-484E9E6E860E}.Release|x64.ActiveCfg = Release|x64
		{F1288633-59FA-4421-806B-484E9E6E860E}.Release|x64.Build.0 = Release|x64
		{F1288633-59FA-4421-806B-484E9E6E860E}.Release|x86.ActiveCfg = Release|Win32
		{F1288633-59FA-4421-806B-484E9E6E860E}.Release|x86.Build.0 = Release|Win32
		{DC8CEC59-1C66-40A5-A929-A95DA20E2DFA}.Debug|Any CPU.ActiveCfg = Debug|Any CPU
		{DC8CEC59-1C66-40A5-A929-A95DA20E2DFA}.Debug|x64.ActiveCfg = Debug|Any CPU
		{DC8CEC59-1C66-40A5-A929-A95DA20E2DFA}.Debug|x86.ActiveCfg = Debug|Any CPU
		{DC8CEC59-1C66-40A5-A929-A95DA20E2DFA}.Release|Any CPU.ActiveCfg = Release|Any CPU
		{DC8CEC59-1C66-40A5-A929-A95DA20E2DFA}.Release|x64.ActiveCfg = Release|Any CPU
		{DC8CEC59-1C66-40A5-A929-A95DA20E2DFA}.Release|x86.ActiveCfg = Release|Any CPU
	EndGlobalSection
	GlobalSection(SolutionProperties) = preSolution
		HideSolutionNode = FALSE
	EndGlobalSection
	GlobalSection(NestedProjects) = preSolution
		{DC8CEC59-1C66-40A5-A929-A95DA20E2DFA} = {60398D98-2514-41EF-8028-E38723499649}
	EndGlobalSection
	GlobalSection(ExtensibilityGlobals) = postSolution
		SolutionGuid = {BA904846-BF18-430B-82B6-00E057225B7C}
	EndGlobalSection
EndGlobal
