<?xml version="1.0" encoding="utf-8"?>
<Project ToolsVersion="4.0" xmlns="http://schemas.microsoft.com/developer/msbuild/2003">
  <ItemGroup>
    <Filter Include="Utility">
      <UniqueIdentifier>{206c06af-ccdd-49e0-bd88-9529dd593d02}</UniqueIdentifier>
    </Filter>
    <Filter Include="Main">
      <UniqueIdentifier>{64b2db64-d6ae-4b04-8e68-407c0b13342d}</UniqueIdentifier>
    </Filter>
  </ItemGroup>
  <ItemGroup>
    <ClCompile Include="pch.cpp">
      <Filter>Utility</Filter>
    </ClCompile>
    <ClCompile Include="GameServer.cpp">
      <Filter>Main</Filter>
    </ClCompile>
    <ClCompile Include="lock.cpp">
      <Filter>Main</Filter>
    </ClCompile>
    <ClCompile Include="AccountManager.cpp">
      <Filter>Main</Filter>
    </ClCompile>
    <ClCompile Include="UserManager.cpp">
      <Filter>Main</Filter>
    </ClCompile>
    <ClCompile Include="SpinLock.cpp">
      <Filter>Main</Filter>
    </ClCompile>
    <ClCompile Include="Cash.cpp">
      <Filter>Main</Filter>
    </ClCompile>
    <ClCompile Include="CPU Pipeline.cpp">
      <Filter>Main</Filter>
    </ClCompile>
    <ClCompile Include="MemoryOrderAtomic.cpp">
      <Filter>Main</Filter>
    </ClCompile>
    <ClCompile Include="MemoryOrder_Release_Acquire.cpp">
      <Filter>Main</Filter>
    </ClCompile>
    <ClCompile Include="TLS.cpp">
      <Filter>Main</Filter>
    </ClCompile>
    <ClCompile Include="TestRWLock.cpp">
      <Filter>Main</Filter>
    </ClCompile>
    <ClCompile Include="FindPrime.cpp">
      <Filter>Main</Filter>
    </ClCompile>
    <ClCompile Include="SharedandWeak.cpp">
      <Filter>Main</Filter>
    </ClCompile>
    <ClCompile Include="Stomp Allocator.cpp">
      <Filter>Main</Filter>
    </ClCompile>
    <ClCompile Include="GameServerBasic.cpp">
      <Filter>Main</Filter>
    </ClCompile>
    <ClCompile Include="GameServerSocketOption.cpp">
      <Filter>Main</Filter>
    </ClCompile>
    <ClCompile Include="Non_BlockingServer.cpp">
      <Filter>Main</Filter>
    </ClCompile>
    <ClCompile Include="SelectBasedSocketIO.cpp">
      <Filter>Main</Filter>
    </ClCompile>
    <ClCompile Include="Event_Selected Socket.cpp">
      <Filter>Main</Filter>
    </ClCompile>
    <ClCompile Include="Overlapped IO Server.cpp">
      <Filter>Main</Filter>
    </ClCompile>
    <ClCompile Include="Overlapped Callback.cpp">
      <Filter>Main</Filter>
    </ClCompile>
    <ClCompile Include="IOCP.cpp">
      <Filter>Main</Filter>
    </ClCompile>
  </ItemGroup>
  <ItemGroup>
    <ClInclude Include="pch.h">
      <Filter>Utility</Filter>
    </ClInclude>
    <ClInclude Include="AccountManager.h">
      <Filter>Main</Filter>
    </ClInclude>
    <ClInclude Include="UserManager.h">
      <Filter>Main</Filter>
    </ClInclude>
  </ItemGroup>
</Project>